
Microsoft Visual Studio Solution File, Format Version 12.00
# Visual Studio Version 17
VisualStudioVersion = 17.0.31903.59
MinimumVisualStudioVersion = 10.0.40219.1
Project("{FAE04EC0-301F-11D3-BF4B-00C04F79EFBC}") = "MuratPortfolio", "MuratPortfolio\MuratPortfolio.csproj", "{0FF34BAC-E0A2-49EA-AE23-6F33D7CEFC04}"
EndProject
Project("{FAE04EC0-301F-11D3-BF4B-00C04F79EFBC}") = "Shared", "Shared\Shared.csproj", "{32A28AC8-ED6A-42B4-9A17-B694D4EC7CDB}"
EndProject
Project("{FAE04EC0-301F-11D3-BF4B-00C04F79EFBC}") = "Api", "Api\Api.csproj", "{7379F4C2-BB97-44AD-A28D-C7BD374BC20A}"
EndProject
Global
	GlobalSection(SolutionConfigurationPlatforms) = preSolution
		Debug|Any CPU = Debug|Any CPU
		Debug|x64 = Debug|x64
		Debug|x86 = Debug|x86
		Release|Any CPU = Release|Any CPU
		Release|x64 = Release|x64
		Release|x86 = Release|x86
	EndGlobalSection
	GlobalSection(ProjectConfigurationPlatforms) = postSolution
		{0FF34BAC-E0A2-49EA-AE23-6F33D7CEFC04}.Debug|Any CPU.ActiveCfg = Debug|Any CPU
		{0FF34BAC-E0A2-49EA-AE23-6F33D7CEFC04}.Debug|Any CPU.Build.0 = Debug|Any CPU
		{0FF34BAC-E0A2-49EA-AE23-6F33D7CEFC04}.Debug|x64.ActiveCfg = Debug|Any CPU
		{0FF34BAC-E0A2-49EA-AE23-6F33D7CEFC04}.Debug|x64.Build.0 = Debug|Any CPU
		{0FF34BAC-E0A2-49EA-AE23-6F33D7CEFC04}.Debug|x86.ActiveCfg = Debug|Any CPU
		{0FF34BAC-E0A2-49EA-AE23-6F33D7CEFC04}.Debug|x86.Build.0 = Debug|Any CPU
		{0FF34BAC-E0A2-49EA-AE23-6F33D7CEFC04}.Release|Any CPU.ActiveCfg = Release|Any CPU
		{0FF34BAC-E0A2-49EA-AE23-6F33D7CEFC04}.Release|Any CPU.Build.0 = Release|Any CPU
		{0FF34BAC-E0A2-49EA-AE23-6F33D7CEFC04}.Release|x64.ActiveCfg = Release|Any CPU
		{0FF34BAC-E0A2-49EA-AE23-6F33D7CEFC04}.Release|x64.Build.0 = Release|Any CPU
		{0FF34BAC-E0A2-49EA-AE23-6F33D7CEFC04}.Release|x86.ActiveCfg = Release|Any CPU
		{0FF34BAC-E0A2-49EA-AE23-6F33D7CEFC04}.Release|x86.Build.0 = Release|Any CPU
		{32A28AC8-ED6A-42B4-9A17-B694D4EC7CDB}.Debug|Any CPU.ActiveCfg = Debug|Any CPU
		{32A28AC8-ED6A-42B4-9A17-B694D4EC7CDB}.Debug|Any CPU.Build.0 = Debug|Any CPU
		{32A28AC8-ED6A-42B4-9A17-B694D4EC7CDB}.Debug|x64.ActiveCfg = Debug|Any CPU
		{32A28AC8-ED6A-42B4-9A17-B694D4EC7CDB}.Debug|x64.Build.0 = Debug|Any CPU
		{32A28AC8-ED6A-42B4-9A17-B694D4EC7CDB}.Debug|x86.ActiveCfg = Debug|Any CPU
		{32A28AC8-ED6A-42B4-9A17-B694D4EC7CDB}.Debug|x86.Build.0 = Debug|Any CPU
		{32A28AC8-ED6A-42B4-9A17-B694D4EC7CDB}.Release|Any CPU.ActiveCfg = Release|Any CPU
		{32A28AC8-ED6A-42B4-9A17-B694D4EC7CDB}.Release|Any CPU.Build.0 = Release|Any CPU
		{32A28AC8-ED6A-42B4-9A17-B694D4EC7CDB}.Release|x64.ActiveCfg = Release|Any CPU
		{32A28AC8-ED6A-42B4-9A17-B694D4EC7CDB}.Release|x64.Build.0 = Release|Any CPU
		{32A28AC8-ED6A-42B4-9A17-B694D4EC7CDB}.Release|x86.ActiveCfg = Release|Any CPU
		{32A28AC8-ED6A-42B4-9A17-B694D4EC7CDB}.Release|x86.Build.0 = Release|Any CPU
		{7379F4C2-BB97-44AD-A28D-C7BD374BC20A}.Debug|Any CPU.ActiveCfg = Debug|Any CPU
		{7379F4C2-BB97-44AD-A28D-C7BD374BC20A}.Debug|Any CPU.Build.0 = Debug|Any CPU
		{7379F4C2-BB97-44AD-A28D-C7BD374BC20A}.Debug|x64.ActiveCfg = Debug|Any CPU
		{7379F4C2-BB97-44AD-A28D-C7BD374BC20A}.Debug|x64.Build.0 = Debug|Any CPU
		{7379F4C2-BB97-44AD-A28D-C7BD374BC20A}.Debug|x86.ActiveCfg = Debug|Any CPU
		{7379F4C2-BB97-44AD-A28D-C7BD374BC20A}.Debug|x86.Build.0 = Debug|Any CPU
		{7379F4C2-BB97-44AD-A28D-C7BD374BC20A}.Release|Any CPU.ActiveCfg = Release|Any CPU
		{7379F4C2-BB97-44AD-A28D-C7BD374BC20A}.Release|Any CPU.Build.0 = Release|Any CPU
		{7379F4C2-BB97-44AD-A28D-C7BD374BC20A}.Release|x64.ActiveCfg = Release|Any CPU
		{7379F4C2-BB97-44AD-A28D-C7BD374BC20A}.Release|x64.Build.0 = Release|Any CPU
		{7379F4C2-BB97-44AD-A28D-C7BD374BC20A}.Release|x86.ActiveCfg = Release|Any CPU
		{7379F4C2-BB97-44AD-A28D-C7BD374BC20A}.Release|x86.Build.0 = Release|Any CPU
	EndGlobalSection
	GlobalSection(SolutionProperties) = preSolution
		HideSolutionNode = FALSE
	EndGlobalSection
	GlobalSection(ExtensibilityGlobals) = postSolution
		SolutionGuid = {1F98DFB7-FAF7-4608-A335-AB5FEA6A1ADF}
	EndGlobalSection
EndGlobal
